
Microsoft Visual Studio Solution File, Format Version 12.00
# Visual Studio Version 17
VisualStudioVersion = 17.1.32210.238
MinimumVisualStudioVersion = 10.0.40219.1
Project("{9A19103F-16F7-4668-BE54-9A1E7A4F7556}") = "EasyDox", "EasyDox\EasyDox.csproj", "{0A470181-7A69-4288-AAB4-C062E18BDD07}"
EndProject
Project("{9A19103F-16F7-4668-BE54-9A1E7A4F7556}") = "EasyDox.Tests", "EasyDox.Tests\EasyDox.Tests.csproj", "{C224E6DE-D77A-489E-8C2F-D300C585542C}"
EndProject
Global
	GlobalSection(SolutionConfigurationPlatforms) = preSolution
		Debug|Any CPU = Debug|Any CPU
		Release|Any CPU = Release|Any CPU
	EndGlobalSection
	GlobalSection(ProjectConfigurationPlatforms) = postSolution
		{0A470181-7A69-4288-AAB4-C062E18BDD07}.Debug|Any CPU.ActiveCfg = Debug|Any CPU
		{0A470181-7A69-4288-AAB4-C062E18BDD07}.Debug|Any CPU.Build.0 = Debug|Any CPU
		{0A470181-7A69-4288-AAB4-C062E18BDD07}.Release|Any CPU.ActiveCfg = Release|Any CPU
		{0A470181-7A69-4288-AAB4-C062E18BDD07}.Release|Any CPU.Build.0 = Release|Any CPU
		{C224E6DE-D77A-489E-8C2F-D300C585542C}.Debug|Any CPU.ActiveCfg = Debug|Any CPU
		{C224E6DE-D77A-489E-8C2F-D300C585542C}.Debug|Any CPU.Build.0 = Debug|Any CPU
		{C224E6DE-D77A-489E-8C2F-D300C585542C}.Release|Any CPU.ActiveCfg = Release|Any CPU
		{C224E6DE-D77A-489E-8C2F-D300C585542C}.Release|Any CPU.Build.0 = Release|Any CPU
	EndGlobalSection
	GlobalSection(SolutionProperties) = preSolution
		HideSolutionNode = FALSE
	EndGlobalSection
	GlobalSection(ExtensibilityGlobals) = postSolution
		SolutionGuid = {AAD937D8-7449-4992-89F2-252C1B208720}
	EndGlobalSection
EndGlobal
